// !$*UTF8*$!
{
	archiveVersion = 1;
	classes = {
	};
	objectVersion = 55;
	objects = {

/* Begin PBXBuildFile section */
		33F1AB76FF3B93F820616B8B /* Pods_Piutter.framework in Frameworks */ = {isa = PBXBuildFile; fileRef = DE464AC2C20F1F4FFFFF5D11 /* Pods_Piutter.framework */; };
		5B0A69EB2759C979006D664F /* AppDelegate.swift in Sources */ = {isa = PBXBuildFile; fileRef = 5B0A69EA2759C979006D664F /* AppDelegate.swift */; };
		5B0A69ED2759C979006D664F /* SceneDelegate.swift in Sources */ = {isa = PBXBuildFile; fileRef = 5B0A69EC2759C979006D664F /* SceneDelegate.swift */; };
		5B0A69F22759C979006D664F /* Main.storyboard in Resources */ = {isa = PBXBuildFile; fileRef = 5B0A69F02759C979006D664F /* Main.storyboard */; };
		5B0A69F42759C97C006D664F /* Assets.xcassets in Resources */ = {isa = PBXBuildFile; fileRef = 5B0A69F32759C97C006D664F /* Assets.xcassets */; };
		5B0A69F72759C97C006D664F /* LaunchScreen.storyboard in Resources */ = {isa = PBXBuildFile; fileRef = 5B0A69F52759C97C006D664F /* LaunchScreen.storyboard */; };
		5B0A6A052759CC52006D664F /* MainTabBarController.swift in Sources */ = {isa = PBXBuildFile; fileRef = 5B0A6A042759CC52006D664F /* MainTabBarController.swift */; };
		5B0A6A072759CE4B006D664F /* FeedController.swift in Sources */ = {isa = PBXBuildFile; fileRef = 5B0A6A062759CE4B006D664F /* FeedController.swift */; };
		5B0A6A092759CEB9006D664F /* ExploreController.swift in Sources */ = {isa = PBXBuildFile; fileRef = 5B0A6A082759CEB9006D664F /* ExploreController.swift */; };
		5B0A6A0B2759CF13006D664F /* NotificationsController.swift in Sources */ = {isa = PBXBuildFile; fileRef = 5B0A6A0A2759CF13006D664F /* NotificationsController.swift */; };
		5B0A6A0D2759CF2D006D664F /* ConversationsController.swift in Sources */ = {isa = PBXBuildFile; fileRef = 5B0A6A0C2759CF2D006D664F /* ConversationsController.swift */; };
		5B0A6A102759D27F006D664F /* Constants.swift in Sources */ = {isa = PBXBuildFile; fileRef = 5B0A6A0F2759D27F006D664F /* Constants.swift */; };
		5B9446A8275A8EE800E4BFC5 /* Extensions.swift in Sources */ = {isa = PBXBuildFile; fileRef = 5B9446A7275A8EE800E4BFC5 /* Extensions.swift */; };
		5B9446AA275A968B00E4BFC5 /* LoginController.swift in Sources */ = {isa = PBXBuildFile; fileRef = 5B9446A9275A968B00E4BFC5 /* LoginController.swift */; };
		5B9446AE275A975700E4BFC5 /* RegistrationController.swift in Sources */ = {isa = PBXBuildFile; fileRef = 5B9446AD275A975700E4BFC5 /* RegistrationController.swift */; };
		5B9446B1275AAF4500E4BFC5 /* Utilities.swift in Sources */ = {isa = PBXBuildFile; fileRef = 5B9446B0275AAF4500E4BFC5 /* Utilities.swift */; };
		5B9446B3275C492700E4BFC5 /* GoogleService-Info.plist in Resources */ = {isa = PBXBuildFile; fileRef = 5B9446B2275C492700E4BFC5 /* GoogleService-Info.plist */; };
/* End PBXBuildFile section */

/* Begin PBXFileReference section */
		5B0A69E72759C979006D664F /* Piutter.app */ = {isa = PBXFileReference; explicitFileType = wrapper.application; includeInIndex = 0; path = Piutter.app; sourceTree = BUILT_PRODUCTS_DIR; };
		5B0A69EA2759C979006D664F /* AppDelegate.swift */ = {isa = PBXFileReference; lastKnownFileType = sourcecode.swift; path = AppDelegate.swift; sourceTree = "<group>"; };
		5B0A69EC2759C979006D664F /* SceneDelegate.swift */ = {isa = PBXFileReference; lastKnownFileType = sourcecode.swift; path = SceneDelegate.swift; sourceTree = "<group>"; };
		5B0A69F12759C979006D664F /* Base */ = {isa = PBXFileReference; lastKnownFileType = file.storyboard; name = Base; path = Base.lproj/Main.storyboard; sourceTree = "<group>"; };
		5B0A69F32759C97C006D664F /* Assets.xcassets */ = {isa = PBXFileReference; lastKnownFileType = folder.assetcatalog; path = Assets.xcassets; sourceTree = "<group>"; };
		5B0A69F62759C97C006D664F /* Base */ = {isa = PBXFileReference; lastKnownFileType = file.storyboard; name = Base; path = Base.lproj/LaunchScreen.storyboard; sourceTree = "<group>"; };
		5B0A69F82759C97C006D664F /* Info.plist */ = {isa = PBXFileReference; lastKnownFileType = text.plist.xml; path = Info.plist; sourceTree = "<group>"; };
		5B0A6A042759CC52006D664F /* MainTabBarController.swift */ = {isa = PBXFileReference; lastKnownFileType = sourcecode.swift; path = MainTabBarController.swift; sourceTree = "<group>"; };
		5B0A6A062759CE4B006D664F /* FeedController.swift */ = {isa = PBXFileReference; lastKnownFileType = sourcecode.swift; path = FeedController.swift; sourceTree = "<group>"; };
		5B0A6A082759CEB9006D664F /* ExploreController.swift */ = {isa = PBXFileReference; lastKnownFileType = sourcecode.swift; path = ExploreController.swift; sourceTree = "<group>"; };
		5B0A6A0A2759CF13006D664F /* NotificationsController.swift */ = {isa = PBXFileReference; lastKnownFileType = sourcecode.swift; path = NotificationsController.swift; sourceTree = "<group>"; };
		5B0A6A0C2759CF2D006D664F /* ConversationsController.swift */ = {isa = PBXFileReference; lastKnownFileType = sourcecode.swift; path = ConversationsController.swift; sourceTree = "<group>"; };
		5B0A6A0F2759D27F006D664F /* Constants.swift */ = {isa = PBXFileReference; lastKnownFileType = sourcecode.swift; path = Constants.swift; sourceTree = "<group>"; };
		5B9446A7275A8EE800E4BFC5 /* Extensions.swift */ = {isa = PBXFileReference; lastKnownFileType = sourcecode.swift; path = Extensions.swift; sourceTree = "<group>"; };
		5B9446A9275A968B00E4BFC5 /* LoginController.swift */ = {isa = PBXFileReference; lastKnownFileType = sourcecode.swift; path = LoginController.swift; sourceTree = "<group>"; };
		5B9446AD275A975700E4BFC5 /* RegistrationController.swift */ = {isa = PBXFileReference; lastKnownFileType = sourcecode.swift; path = RegistrationController.swift; sourceTree = "<group>"; };
		5B9446B0275AAF4500E4BFC5 /* Utilities.swift */ = {isa = PBXFileReference; lastKnownFileType = sourcecode.swift; path = Utilities.swift; sourceTree = "<group>"; };
		5B9446B2275C492700E4BFC5 /* GoogleService-Info.plist */ = {isa = PBXFileReference; fileEncoding = 4; lastKnownFileType = text.plist.xml; path = "GoogleService-Info.plist"; sourceTree = "<group>"; };
		B7DC41B73C91F47F34B87C3D /* Pods-Piutter.release.xcconfig */ = {isa = PBXFileReference; includeInIndex = 1; lastKnownFileType = text.xcconfig; name = "Pods-Piutter.release.xcconfig"; path = "Target Support Files/Pods-Piutter/Pods-Piutter.release.xcconfig"; sourceTree = "<group>"; };
		DE464AC2C20F1F4FFFFF5D11 /* Pods_Piutter.framework */ = {isa = PBXFileReference; explicitFileType = wrapper.framework; includeInIndex = 0; path = Pods_Piutter.framework; sourceTree = BUILT_PRODUCTS_DIR; };
		E23510BAFE9C16D61EE5097B /* Pods-Piutter.debug.xcconfig */ = {isa = PBXFileReference; includeInIndex = 1; lastKnownFileType = text.xcconfig; name = "Pods-Piutter.debug.xcconfig"; path = "Target Support Files/Pods-Piutter/Pods-Piutter.debug.xcconfig"; sourceTree = "<group>"; };
/* End PBXFileReference section */

/* Begin PBXFrameworksBuildPhase section */
		5B0A69E42759C979006D664F /* Frameworks */ = {
			isa = PBXFrameworksBuildPhase;
			buildActionMask = 2147483647;
			files = (
				33F1AB76FF3B93F820616B8B /* Pods_Piutter.framework in Frameworks */,
			);
			runOnlyForDeploymentPostprocessing = 0;
		};
/* End PBXFrameworksBuildPhase section */

/* Begin PBXGroup section */
		4DDB747005786672B66E440E /* Frameworks */ = {
			isa = PBXGroup;
			children = (
				DE464AC2C20F1F4FFFFF5D11 /* Pods_Piutter.framework */,
			);
			name = Frameworks;
			sourceTree = "<group>";
		};
		5B0A69DE2759C979006D664F = {
			isa = PBXGroup;
			children = (
				5B0A69E92759C979006D664F /* Piutter */,
				5B0A69E82759C979006D664F /* Products */,
				E821764AE52C91DA9A195510 /* Pods */,
				4DDB747005786672B66E440E /* Frameworks */,
			);
			sourceTree = "<group>";
		};
		5B0A69E82759C979006D664F /* Products */ = {
			isa = PBXGroup;
			children = (
				5B0A69E72759C979006D664F /* Piutter.app */,
			);
			name = Products;
			sourceTree = "<group>";
		};
		5B0A69E92759C979006D664F /* Piutter */ = {
			isa = PBXGroup;
			children = (
				5B0A6A032759CA75006D664F /* Utils */,
				5B0A6A022759CA20006D664F /* Model */,
				5B0A6A012759CA1B006D664F /* View */,
				5B0A6A002759CA0B006D664F /* ViewModel */,
				5B0A69FF2759CA07006D664F /* Controller */,
				5B0A69FE2759CA03006D664F /* API */,
				5B0A69EA2759C979006D664F /* AppDelegate.swift */,
				5B0A69EC2759C979006D664F /* SceneDelegate.swift */,
				5B0A69F02759C979006D664F /* Main.storyboard */,
				5B0A69F32759C97C006D664F /* Assets.xcassets */,
				5B0A69F52759C97C006D664F /* LaunchScreen.storyboard */,
				5B0A69F82759C97C006D664F /* Info.plist */,
				5B0A6A0F2759D27F006D664F /* Constants.swift */,
				5B9446B2275C492700E4BFC5 /* GoogleService-Info.plist */,
			);
			path = Piutter;
			sourceTree = "<group>";
		};
		5B0A69FE2759CA03006D664F /* API */ = {
			isa = PBXGroup;
			children = (
			);
			path = API;
			sourceTree = "<group>";
		};
		5B0A69FF2759CA07006D664F /* Controller */ = {
			isa = PBXGroup;
			children = (
				5B9446AC275A974100E4BFC5 /* Auth */,
				5B0A6A042759CC52006D664F /* MainTabBarController.swift */,
				5B0A6A062759CE4B006D664F /* FeedController.swift */,
				5B0A6A082759CEB9006D664F /* ExploreController.swift */,
				5B0A6A0A2759CF13006D664F /* NotificationsController.swift */,
				5B0A6A0C2759CF2D006D664F /* ConversationsController.swift */,
			);
			path = Controller;
			sourceTree = "<group>";
		};
		5B0A6A002759CA0B006D664F /* ViewModel */ = {
			isa = PBXGroup;
			children = (
			);
			path = ViewModel;
			sourceTree = "<group>";
		};
		5B0A6A012759CA1B006D664F /* View */ = {
			isa = PBXGroup;
			children = (
			);
			path = View;
			sourceTree = "<group>";
		};
		5B0A6A022759CA20006D664F /* Model */ = {
			isa = PBXGroup;
			children = (
			);
			path = Model;
			sourceTree = "<group>";
		};
		5B0A6A032759CA75006D664F /* Utils */ = {
			isa = PBXGroup;
			children = (
				5B9446A7275A8EE800E4BFC5 /* Extensions.swift */,
				5B9446B0275AAF4500E4BFC5 /* Utilities.swift */,
			);
			path = Utils;
			sourceTree = "<group>";
		};
		5B9446AC275A974100E4BFC5 /* Auth */ = {
			isa = PBXGroup;
			children = (
				5B9446A9275A968B00E4BFC5 /* LoginController.swift */,
				5B9446AD275A975700E4BFC5 /* RegistrationController.swift */,
			);
			path = Auth;
			sourceTree = "<group>";
		};
		E821764AE52C91DA9A195510 /* Pods */ = {
			isa = PBXGroup;
			children = (
				E23510BAFE9C16D61EE5097B /* Pods-Piutter.debug.xcconfig */,
				B7DC41B73C91F47F34B87C3D /* Pods-Piutter.release.xcconfig */,
			);
			name = Pods;
			path = Pods;
			sourceTree = "<group>";
		};
/* End PBXGroup section */

/* Begin PBXNativeTarget section */
		5B0A69E62759C979006D664F /* Piutter */ = {
			isa = PBXNativeTarget;
			buildConfigurationList = 5B0A69FB2759C97C006D664F /* Build configuration list for PBXNativeTarget "Piutter" */;
			buildPhases = (
				4D2C0BA78425A891D171A236 /* [CP] Check Pods Manifest.lock */,
				5B0A69E32759C979006D664F /* Sources */,
				5B0A69E42759C979006D664F /* Frameworks */,
				5B0A69E52759C979006D664F /* Resources */,
				3D653CB1CF91ABF33B12F598 /* [CP] Embed Pods Frameworks */,
			);
			buildRules = (
			);
			dependencies = (
			);
			name = Piutter;
			productName = Piutter;
			productReference = 5B0A69E72759C979006D664F /* Piutter.app */;
			productType = "com.apple.product-type.application";
		};
/* End PBXNativeTarget section */

/* Begin PBXProject section */
		5B0A69DF2759C979006D664F /* Project object */ = {
			isa = PBXProject;
			attributes = {
				BuildIndependentTargetsInParallel = 1;
				LastSwiftUpdateCheck = 1310;
				LastUpgradeCheck = 1310;
				TargetAttributes = {
					5B0A69E62759C979006D664F = {
						CreatedOnToolsVersion = 13.1;
					};
				};
			};
			buildConfigurationList = 5B0A69E22759C979006D664F /* Build configuration list for PBXProject "Piutter" */;
			compatibilityVersion = "Xcode 13.0";
			developmentRegion = en;
			hasScannedForEncodings = 0;
			knownRegions = (
				en,
				Base,
			);
			mainGroup = 5B0A69DE2759C979006D664F;
			productRefGroup = 5B0A69E82759C979006D664F /* Products */;
			projectDirPath = "";
			projectRoot = "";
			targets = (
				5B0A69E62759C979006D664F /* Piutter */,
			);
		};
/* End PBXProject section */

/* Begin PBXResourcesBuildPhase section */
		5B0A69E52759C979006D664F /* Resources */ = {
			isa = PBXResourcesBuildPhase;
			buildActionMask = 2147483647;
			files = (
				5B0A69F72759C97C006D664F /* LaunchScreen.storyboard in Resources */,
				5B9446B3275C492700E4BFC5 /* GoogleService-Info.plist in Resources */,
				5B0A69F42759C97C006D664F /* Assets.xcassets in Resources */,
				5B0A69F22759C979006D664F /* Main.storyboard in Resources */,
			);
			runOnlyForDeploymentPostprocessing = 0;
		};
/* End PBXResourcesBuildPhase section */

/* Begin PBXShellScriptBuildPhase section */
		3D653CB1CF91ABF33B12F598 /* [CP] Embed Pods Frameworks */ = {
			isa = PBXShellScriptBuildPhase;
			buildActionMask = 2147483647;
			files = (
			);
			inputFileListPaths = (
				"${PODS_ROOT}/Target Support Files/Pods-Piutter/Pods-Piutter-frameworks-${CONFIGURATION}-input-files.xcfilelist",
			);
			name = "[CP] Embed Pods Frameworks";
			outputFileListPaths = (
				"${PODS_ROOT}/Target Support Files/Pods-Piutter/Pods-Piutter-frameworks-${CONFIGURATION}-output-files.xcfilelist",
			);
			runOnlyForDeploymentPostprocessing = 0;
			shellPath = /bin/sh;
			shellScript = "\"${PODS_ROOT}/Target Support Files/Pods-Piutter/Pods-Piutter-frameworks.sh\"\n";
			showEnvVarsInLog = 0;
		};
		4D2C0BA78425A891D171A236 /* [CP] Check Pods Manifest.lock */ = {
			isa = PBXShellScriptBuildPhase;
			buildActionMask = 2147483647;
			files = (
			);
			inputFileListPaths = (
			);
			inputPaths = (
				"${PODS_PODFILE_DIR_PATH}/Podfile.lock",
				"${PODS_ROOT}/Manifest.lock",
			);
			name = "[CP] Check Pods Manifest.lock";
			outputFileListPaths = (
			);
			outputPaths = (
				"$(DERIVED_FILE_DIR)/Pods-Piutter-checkManifestLockResult.txt",
			);
			runOnlyForDeploymentPostprocessing = 0;
			shellPath = /bin/sh;
			shellScript = "diff \"${PODS_PODFILE_DIR_PATH}/Podfile.lock\" \"${PODS_ROOT}/Manifest.lock\" > /dev/null\nif [ $? != 0 ] ; then\n    # print error to STDERR\n    echo \"error: The sandbox is not in sync with the Podfile.lock. Run 'pod install' or update your CocoaPods installation.\" >&2\n    exit 1\nfi\n# This output is used by Xcode 'outputs' to avoid re-running this script phase.\necho \"SUCCESS\" > \"${SCRIPT_OUTPUT_FILE_0}\"\n";
			showEnvVarsInLog = 0;
		};
/* End PBXShellScriptBuildPhase section */

/* Begin PBXSourcesBuildPhase section */
		5B0A69E32759C979006D664F /* Sources */ = {
			isa = PBXSourcesBuildPhase;
			buildActionMask = 2147483647;
			files = (
				5B0A6A0B2759CF13006D664F /* NotificationsController.swift in Sources */,
				5B9446A8275A8EE800E4BFC5 /* Extensions.swift in Sources */,
				5B0A6A0D2759CF2D006D664F /* ConversationsController.swift in Sources */,
				5B0A6A052759CC52006D664F /* MainTabBarController.swift in Sources */,
				5B0A69EB2759C979006D664F /* AppDelegate.swift in Sources */,
				5B0A6A092759CEB9006D664F /* ExploreController.swift in Sources */,
				5B9446B1275AAF4500E4BFC5 /* Utilities.swift in Sources */,
				5B9446AE275A975700E4BFC5 /* RegistrationController.swift in Sources */,
				5B0A69ED2759C979006D664F /* SceneDelegate.swift in Sources */,
				5B0A6A072759CE4B006D664F /* FeedController.swift in Sources */,
				5B0A6A102759D27F006D664F /* Constants.swift in Sources */,
				5B9446AA275A968B00E4BFC5 /* LoginController.swift in Sources */,
			);
			runOnlyForDeploymentPostprocessing = 0;
		};
/* End PBXSourcesBuildPhase section */

/* Begin PBXVariantGroup section */
		5B0A69F02759C979006D664F /* Main.storyboard */ = {
			isa = PBXVariantGroup;
			children = (
				5B0A69F12759C979006D664F /* Base */,
			);
			name = Main.storyboard;
			sourceTree = "<group>";
		};
		5B0A69F52759C97C006D664F /* LaunchScreen.storyboard */ = {
			isa = PBXVariantGroup;
			children = (
				5B0A69F62759C97C006D664F /* Base */,
			);
			name = LaunchScreen.storyboard;
			sourceTree = "<group>";
		};
/* End PBXVariantGroup section */

/* Begin XCBuildConfiguration section */
		5B0A69F92759C97C006D664F /* Debug */ = {
			isa = XCBuildConfiguration;
			buildSettings = {
				ALWAYS_SEARCH_USER_PATHS = NO;
				CLANG_ANALYZER_NONNULL = YES;
				CLANG_ANALYZER_NUMBER_OBJECT_CONVERSION = YES_AGGRESSIVE;
				CLANG_CXX_LANGUAGE_STANDARD = "gnu++17";
				CLANG_CXX_LIBRARY = "libc++";
				CLANG_ENABLE_MODULES = YES;
				CLANG_ENABLE_OBJC_ARC = YES;
				CLANG_ENABLE_OBJC_WEAK = YES;
				CLANG_WARN_BLOCK_CAPTURE_AUTORELEASING = YES;
				CLANG_WARN_BOOL_CONVERSION = YES;
				CLANG_WARN_COMMA = YES;
				CLANG_WARN_CONSTANT_CONVERSION = YES;
				CLANG_WARN_DEPRECATED_OBJC_IMPLEMENTATIONS = YES;
				CLANG_WARN_DIRECT_OBJC_ISA_USAGE = YES_ERROR;
				CLANG_WARN_DOCUMENTATION_COMMENTS = YES;
				CLANG_WARN_EMPTY_BODY = YES;
				CLANG_WARN_ENUM_CONVERSION = YES;
				CLANG_WARN_INFINITE_RECURSION = YES;
				CLANG_WARN_INT_CONVERSION = YES;
				CLANG_WARN_NON_LITERAL_NULL_CONVERSION = YES;
				CLANG_WARN_OBJC_IMPLICIT_RETAIN_SELF = YES;
				CLANG_WARN_OBJC_LITERAL_CONVERSION = YES;
				CLANG_WARN_OBJC_ROOT_CLASS = YES_ERROR;
				CLANG_WARN_QUOTED_INCLUDE_IN_FRAMEWORK_HEADER = YES;
				CLANG_WARN_RANGE_LOOP_ANALYSIS = YES;
				CLANG_WARN_STRICT_PROTOTYPES = YES;
				CLANG_WARN_SUSPICIOUS_MOVE = YES;
				CLANG_WARN_UNGUARDED_AVAILABILITY = YES_AGGRESSIVE;
				CLANG_WARN_UNREACHABLE_CODE = YES;
				CLANG_WARN__DUPLICATE_METHOD_MATCH = YES;
				COPY_PHASE_STRIP = NO;
				DEBUG_INFORMATION_FORMAT = dwarf;
				ENABLE_STRICT_OBJC_MSGSEND = YES;
				ENABLE_TESTABILITY = YES;
				GCC_C_LANGUAGE_STANDARD = gnu11;
				GCC_DYNAMIC_NO_PIC = NO;
				GCC_NO_COMMON_BLOCKS = YES;
				GCC_OPTIMIZATION_LEVEL = 0;
				GCC_PREPROCESSOR_DEFINITIONS = (
					"DEBUG=1",
					"$(inherited)",
				);
				GCC_WARN_64_TO_32_BIT_CONVERSION = YES;
				GCC_WARN_ABOUT_RETURN_TYPE = YES_ERROR;
				GCC_WARN_UNDECLARED_SELECTOR = YES;
				GCC_WARN_UNINITIALIZED_AUTOS = YES_AGGRESSIVE;
				GCC_WARN_UNUSED_FUNCTION = YES;
				GCC_WARN_UNUSED_VARIABLE = YES;
				IPHONEOS_DEPLOYMENT_TARGET = 15.0;
				MTL_ENABLE_DEBUG_INFO = INCLUDE_SOURCE;
				MTL_FAST_MATH = YES;
				ONLY_ACTIVE_ARCH = YES;
				SDKROOT = iphoneos;
				SWIFT_ACTIVE_COMPILATION_CONDITIONS = DEBUG;
				SWIFT_OPTIMIZATION_LEVEL = "-Onone";
			};
			name = Debug;
		};
		5B0A69FA2759C97C006D664F /* Release */ = {
			isa = XCBuildConfiguration;
			buildSettings = {
				ALWAYS_SEARCH_USER_PATHS = NO;
				CLANG_ANALYZER_NONNULL = YES;
				CLANG_ANALYZER_NUMBER_OBJECT_CONVERSION = YES_AGGRESSIVE;
				CLANG_CXX_LANGUAGE_STANDARD = "gnu++17";
				CLANG_CXX_LIBRARY = "libc++";
				CLANG_ENABLE_MODULES = YES;
				CLANG_ENABLE_OBJC_ARC = YES;
				CLANG_ENABLE_OBJC_WEAK = YES;
				CLANG_WARN_BLOCK_CAPTURE_AUTORELEASING = YES;
				CLANG_WARN_BOOL_CONVERSION = YES;
				CLANG_WARN_COMMA = YES;
				CLANG_WARN_CONSTANT_CONVERSION = YES;
				CLANG_WARN_DEPRECATED_OBJC_IMPLEMENTATIONS = YES;
				CLANG_WARN_DIRECT_OBJC_ISA_USAGE = YES_ERROR;
				CLANG_WARN_DOCUMENTATION_COMMENTS = YES;
				CLANG_WARN_EMPTY_BODY = YES;
				CLANG_WARN_ENUM_CONVERSION = YES;
				CLANG_WARN_INFINITE_RECURSION = YES;
				CLANG_WARN_INT_CONVERSION = YES;
				CLANG_WARN_NON_LITERAL_NULL_CONVERSION = YES;
				CLANG_WARN_OBJC_IMPLICIT_RETAIN_SELF = YES;
				CLANG_WARN_OBJC_LITERAL_CONVERSION = YES;
				CLANG_WARN_OBJC_ROOT_CLASS = YES_ERROR;
				CLANG_WARN_QUOTED_INCLUDE_IN_FRAMEWORK_HEADER = YES;
				CLANG_WARN_RANGE_LOOP_ANALYSIS = YES;
				CLANG_WARN_STRICT_PROTOTYPES = YES;
				CLANG_WARN_SUSPICIOUS_MOVE = YES;
				CLANG_WARN_UNGUARDED_AVAILABILITY = YES_AGGRESSIVE;
				CLANG_WARN_UNREACHABLE_CODE = YES;
				CLANG_WARN__DUPLICATE_METHOD_MATCH = YES;
				COPY_PHASE_STRIP = NO;
				DEBUG_INFORMATION_FORMAT = "dwarf-with-dsym";
				ENABLE_NS_ASSERTIONS = NO;
				ENABLE_STRICT_OBJC_MSGSEND = YES;
				GCC_C_LANGUAGE_STANDARD = gnu11;
				GCC_NO_COMMON_BLOCKS = YES;
				GCC_WARN_64_TO_32_BIT_CONVERSION = YES;
				GCC_WARN_ABOUT_RETURN_TYPE = YES_ERROR;
				GCC_WARN_UNDECLARED_SELECTOR = YES;
				GCC_WARN_UNINITIALIZED_AUTOS = YES_AGGRESSIVE;
				GCC_WARN_UNUSED_FUNCTION = YES;
				GCC_WARN_UNUSED_VARIABLE = YES;
				IPHONEOS_DEPLOYMENT_TARGET = 15.0;
				MTL_ENABLE_DEBUG_INFO = NO;
				MTL_FAST_MATH = YES;
				SDKROOT = iphoneos;
				SWIFT_COMPILATION_MODE = wholemodule;
				SWIFT_OPTIMIZATION_LEVEL = "-O";
				VALIDATE_PRODUCT = YES;
			};
			name = Release;
		};
		5B0A69FC2759C97C006D664F /* Debug */ = {
			isa = XCBuildConfiguration;
			baseConfigurationReference = E23510BAFE9C16D61EE5097B /* Pods-Piutter.debug.xcconfig */;
			buildSettings = {
				ASSETCATALOG_COMPILER_APPICON_NAME = AppIcon;
				ASSETCATALOG_COMPILER_GLOBAL_ACCENT_COLOR_NAME = AccentColor;
				CODE_SIGN_STYLE = Automatic;
				CURRENT_PROJECT_VERSION = 1;
				DEVELOPMENT_TEAM = 3Y69BC5249;
				GENERATE_INFOPLIST_FILE = YES;
				INFOPLIST_FILE = Piutter/Info.plist;
				INFOPLIST_KEY_UIApplicationSupportsIndirectInputEvents = YES;
				INFOPLIST_KEY_UILaunchStoryboardName = LaunchScreen;
				INFOPLIST_KEY_UIMainStoryboardFile = Main;
				INFOPLIST_KEY_UISupportedInterfaceOrientations_iPad = "UIInterfaceOrientationPortrait UIInterfaceOrientationPortraitUpsideDown UIInterfaceOrientationLandscapeLeft UIInterfaceOrientationLandscapeRight";
				INFOPLIST_KEY_UISupportedInterfaceOrientations_iPhone = "UIInterfaceOrientationPortrait UIInterfaceOrientationLandscapeLeft UIInterfaceOrientationLandscapeRight";
				LD_RUNPATH_SEARCH_PATHS = (
					"$(inherited)",
					"@executable_path/Frameworks",
				);
				MARKETING_VERSION = 1.0;
				PRODUCT_BUNDLE_IDENTIFIER = com.piutter.br2.Piutter;
				PRODUCT_NAME = "$(TARGET_NAME)";
				SWIFT_EMIT_LOC_STRINGS = YES;
				SWIFT_VERSION = 5.0;
				TARGETED_DEVICE_FAMILY = "1,2";
			};
			name = Debug;
		};
		5B0A69FD2759C97C006D664F /* Release */ = {
			isa = XCBuildConfiguration;
			baseConfigurationReference = B7DC41B73C91F47F34B87C3D /* Pods-Piutter.release.xcconfig */;
			buildSettings = {
				ASSETCATALOG_COMPILER_APPICON_NAME = AppIcon;
				ASSETCATALOG_COMPILER_GLOBAL_ACCENT_COLOR_NAME = AccentColor;
				CODE_SIGN_STYLE = Automatic;
				CURRENT_PROJECT_VERSION = 1;
				DEVELOPMENT_TEAM = 3Y69BC5249;
				GENERATE_INFOPLIST_FILE = YES;
				INFOPLIST_FILE = Piutter/Info.plist;
				INFOPLIST_KEY_UIApplicationSupportsIndirectInputEvents = YES;
				INFOPLIST_KEY_UILaunchStoryboardName = LaunchScreen;
				INFOPLIST_KEY_UIMainStoryboardFile = Main;
				INFOPLIST_KEY_UISupportedInterfaceOrientations_iPad = "UIInterfaceOrientationPortrait UIInterfaceOrientationPortraitUpsideDown UIInterfaceOrientationLandscapeLeft UIInterfaceOrientationLandscapeRight";
				INFOPLIST_KEY_UISupportedInterfaceOrientations_iPhone = "UIInterfaceOrientationPortrait UIInterfaceOrientationLandscapeLeft UIInterfaceOrientationLandscapeRight";
				LD_RUNPATH_SEARCH_PATHS = (
					"$(inherited)",
					"@executable_path/Frameworks",
				);
				MARKETING_VERSION = 1.0;
				PRODUCT_BUNDLE_IDENTIFIER = com.piutter.br2.Piutter;
				PRODUCT_NAME = "$(TARGET_NAME)";
				SWIFT_EMIT_LOC_STRINGS = YES;
				SWIFT_VERSION = 5.0;
				TARGETED_DEVICE_FAMILY = "1,2";
			};
			name = Release;
		};
/* End XCBuildConfiguration section */

/* Begin XCConfigurationList section */
		5B0A69E22759C979006D664F /* Build configuration list for PBXProject "Piutter" */ = {
			isa = XCConfigurationList;
			buildConfigurations = (
				5B0A69F92759C97C006D664F /* Debug */,
				5B0A69FA2759C97C006D664F /* Release */,
			);
			defaultConfigurationIsVisible = 0;
			defaultConfigurationName = Release;
		};
		5B0A69FB2759C97C006D664F /* Build configuration list for PBXNativeTarget "Piutter" */ = {
			isa = XCConfigurationList;
			buildConfigurations = (
				5B0A69FC2759C97C006D664F /* Debug */,
				5B0A69FD2759C97C006D664F /* Release */,
			);
			defaultConfigurationIsVisible = 0;
			defaultConfigurationName = Release;
		};
/* End XCConfigurationList section */
	};
	rootObject = 5B0A69DF2759C979006D664F /* Project object */;
}
